{
  "requires": true,
  "lockfileVersion": 1,
  "dependencies": {
    "nodejs-base64": {
      "version": "2.0.0",
      "resolved": "https://registry.npmmirror.com/nodejs-base64/-/nodejs-base64-2.0.0.tgz",
      "integrity": "sha512-rf83teAz8f251P+HQW0nZyIhIIKrTs8wz11n5+Dp1b+/oWCYSeCfNfbUqda5B0DhspBVXwJ7SPk8aghv/TFsjQ=="
    },
    "shrink-string": {
      "version": "3.1.9",
      "resolved": "https://registry.npmmirror.com/shrink-string/-/shrink-string-3.1.9.tgz",
      "integrity": "sha512-fk1x3ovK1kaUotGCGO5Npv/7bKL8Qw7jkPUlqqPK/5U7vCr021SGkrkSu8BuBZxG0f/j4SqR2BN8gJcAtapfIg=="
    },
    "universal-base64": {
      "version": "2.1.0",
      "resolved": "https://registry.npmmirror.com/universal-base64/-/universal-base64-2.1.0.tgz",
      "integrity": "sha512-WeOkACVnIXJZr/qlv7++Rl1zuZOHN96v2yS5oleUuv8eJOs5j9M5U3xQEIoWqn1OzIuIcgw0fswxWnUVGDfW6g=="
    }
  }
}
