# THIS IS AN AUTOGENERATED FILE. DO NOT EDIT THIS FILE DIRECTLY.
# yarn lockfile v1


nodejs-base64@^2.0.0:
  version "2.0.0"
  resolved "https://registry.npmmirror.com/nodejs-base64/-/nodejs-base64-2.0.0.tgz#6325842fef622c67d9203677dca29a73a893335a"
  integrity sha512-rf83teAz8f251P+HQW0nZyIhIIKrTs8wz11n5+Dp1b+/oWCYSeCfNfbUqda5B0DhspBVXwJ7SPk8aghv/TFsjQ==
